// !$*UTF8*$!
{
	archiveVersion = 1;
	classes = {
	};
	objectVersion = 77;
	objects = {

/* Begin PBXBuildFile section */
		00544F3818B06967D7ECF554 /* WidgetDraft.swift in Sources */ = {isa = PBXBuildFile; fileRef = 9B5BEC0697888C94C419A750 /* WidgetDraft.swift */; };
		0368E84528A73DD37A788AF8 /* FacetRender in Frameworks */ = {isa = PBXBuildFile; productRef = B9DD2058D87C9670363A8E34 /* FacetRender */; };
		0557A660C22A072805D58E2D /* AssetBundleCodec.swift in Sources */ = {isa = PBXBuildFile; fileRef = E08867C049E6FC5764C60E2A /* AssetBundleCodec.swift */; };
		07AD7D60E75F3013D27F8B9B /* DeviceDataSources.swift in Sources */ = {isa = PBXBuildFile; fileRef = F2541AF17A0721C21A161E7B /* DeviceDataSources.swift */; };
		094AD381D8E67A0078193473 /* AssetStore.swift in Sources */ = {isa = PBXBuildFile; fileRef = 13DC6203D80540BB24BA295B /* AssetStore.swift */; };
		16128EB90DD9D12892DC4AEB /* FacetTemplates in Frameworks */ = {isa = PBXBuildFile; productRef = 0E2DA78162E32EE6613B1831 /* FacetTemplates */; };
		1853D459686F54EB3437A058 /* AppGroupStore.swift in Sources */ = {isa = PBXBuildFile; fileRef = D2C1B83DA33AFAB96B025941 /* AppGroupStore.swift */; };
		18B366D8929C3D314A443997 /* UnitPreferences.swift in Sources */ = {isa = PBXBuildFile; fileRef = B0CA8406D09B0D7574BED59D /* UnitPreferences.swift */; };
		1AF1EDC69F2AB164048C8D6C /* CalendarSource.swift in Sources */ = {isa = PBXBuildFile; fileRef = 5752CDBE2A27273F68C0A8A6 /* CalendarSource.swift */; };
		265D9B1D87919D6A53280A58 /* ThemeEditorView.swift in Sources */ = {isa = PBXBuildFile; fileRef = 3493883341D6B22D1F294A1E /* ThemeEditorView.swift */; };
		2867A9D383219166875CEDF8 /* DataSourcesView.swift in Sources */ = {isa = PBXBuildFile; fileRef = C6854C50362FD9A914BBADA2 /* DataSourcesView.swift */; };
		2F2B009BD21403FBC863F968 /* AssetPickerView.swift in Sources */ = {isa = PBXBuildFile; fileRef = 8BAABD07F00F6A8557E4248C /* AssetPickerView.swift */; };
		3AFAA2AEA3BD7B4E32279EE5 /* EditorView.swift in Sources */ = {isa = PBXBuildFile; fileRef = 92E1F7508053F63AC77BC8A0 /* EditorView.swift */; };
		49F0A851E07FBEF658AAE78E /* AppCatalog.swift in Sources */ = {isa = PBXBuildFile; fileRef = 5ED98CA53137812BF667A5C2 /* AppCatalog.swift */; };
		5EDD7A3B4448D21F485D4DF1 /* AssetBundleCodec.swift in Sources */ = {isa = PBXBuildFile; fileRef = E08867C049E6FC5764C60E2A /* AssetBundleCodec.swift */; };
		6D1B7841CD3B72D88876B202 /* FacetData in Frameworks */ = {isa = PBXBuildFile; productRef = F9F468B849C3525792800F83 /* FacetData */; };
		75BF8C13A5C3014A2697C6FE /* FacetCore in Frameworks */ = {isa = PBXBuildFile; productRef = 6FC15447F6267AC8764F938F /* FacetCore */; };
		77B68205C54F8006F521B6A7 /* FacetData in Frameworks */ = {isa = PBXBuildFile; productRef = 0F2B255918F965DD203B453F /* FacetData */; };
		77DDCF69899FD743134FF0CE /* FacetRender in Frameworks */ = {isa = PBXBuildFile; productRef = 0187F4ED6530EF2E65586359 /* FacetRender */; };
		7C20108989E04D30EF34B5C9 /* GenerateWidgetView.swift in Sources */ = {isa = PBXBuildFile; fileRef = C62E5678109F5B19042F0E78 /* GenerateWidgetView.swift */; };
		7D32B2B277022511E2CA8902 /* FacetImageProviderFactory.swift in Sources */ = {isa = PBXBuildFile; fileRef = 4F65EECCECD21777DA3ABDB4 /* FacetImageProviderFactory.swift */; };
		81A2DF164512F4EC8C6A9C26 /* FacetApp.swift in Sources */ = {isa = PBXBuildFile; fileRef = 402DA8915E10ABBF586F49CD /* FacetApp.swift */; };
		89EFB6D27811521B0CC4BC18 /* FacetUI.swift in Sources */ = {isa = PBXBuildFile; fileRef = 9A0EA27D153D75EBEFECD233 /* FacetUI.swift */; };
		8E839DD21F60F83FED2616A7 /* WeatherSource.swift in Sources */ = {isa = PBXBuildFile; fileRef = 9A5CCA0565292A65A784FC56 /* WeatherSource.swift */; };
		8E963D04A9098EEBCF7C55E0 /* DraftMapper.swift in Sources */ = {isa = PBXBuildFile; fileRef = E7328A4EEBEB9B4DB2CD7BE0 /* DraftMapper.swift */; };
		8EC4D957C7965E09BD2F4868 /* FacetWidgets.swift in Sources */ = {isa = PBXBuildFile; fileRef = 68367781880E42AE2DB8D0A8 /* FacetWidgets.swift */; };
		919A996A7E98875F4DB7D683 /* AssetStore.swift in Sources */ = {isa = PBXBuildFile; fileRef = 13DC6203D80540BB24BA295B /* AssetStore.swift */; };
		A181C809212C8AC3D69FA59C /* DocumentEditing.swift in Sources */ = {isa = PBXBuildFile; fileRef = 7B78AC784E0C43A253A67F82 /* DocumentEditing.swift */; };
		A6A131B69996C8C24FA68437 /* FacetImageProviderFactory.swift in Sources */ = {isa = PBXBuildFile; fileRef = 4F65EECCECD21777DA3ABDB4 /* FacetImageProviderFactory.swift */; };
		A991B25B44E194B4DDA00455 /* WidgetGeneratorService.swift in Sources */ = {isa = PBXBuildFile; fileRef = 3D11BEAA5F529E0BE4D869DC /* WidgetGeneratorService.swift */; };
		B39CE1E925ED7136181F7E47 /* AppGroupStore.swift in Sources */ = {isa = PBXBuildFile; fileRef = D2C1B83DA33AFAB96B025941 /* AppGroupStore.swift */; };
		B41F3999350DFE8EC5E18D21 /* HealthSource.swift in Sources */ = {isa = PBXBuildFile; fileRef = AC05E333F65932D292DD4D47 /* HealthSource.swift */; };
		B80C76B1CC43E26B01BC8D60 /* LayerListView.swift in Sources */ = {isa = PBXBuildFile; fileRef = 7AF056977F3F074F99FBAA99 /* LayerListView.swift */; };
		B90EB3F934F7C63F865217DC /* InspectorView.swift in Sources */ = {isa = PBXBuildFile; fileRef = 6D8FD5ED9865C55FCAC59ADE /* InspectorView.swift */; };
		B9DC2ABDCB134093E6D0E873 /* FacetTemplates in Frameworks */ = {isa = PBXBuildFile; productRef = 5F9764CB47CC3255E1DAAFA4 /* FacetTemplates */; };
		BDACF21BF38B9672CF212964 /* GalleryView.swift in Sources */ = {isa = PBXBuildFile; fileRef = CAEBEADC60946A4516B04197 /* GalleryView.swift */; };
		BF0847FF88251983C70FF62C /* FacetCore in Frameworks */ = {isa = PBXBuildFile; productRef = 8C9D4A59B6640134536493C3 /* FacetCore */; };
		C49BDA574C5A958CC0D5F8FB /* Assets.xcassets in Resources */ = {isa = PBXBuildFile; fileRef = B3DAE7C5AC5E93326F030E60 /* Assets.xcassets */; };
		CB1F51102AE3813587CE4067 /* FocusSource.swift in Sources */ = {isa = PBXBuildFile; fileRef = B0F7D9E84D357AF552E47CB3 /* FocusSource.swift */; };
		CE7A570D8F6A87D48F95806D /* CustomSourceEditorView.swift in Sources */ = {isa = PBXBuildFile; fileRef = 2CA0CA5DC0BA9616B892486D /* CustomSourceEditorView.swift */; };
		D42C371C1BE5EB7EFBB9E533 /* CustomSourceStore.swift in Sources */ = {isa = PBXBuildFile; fileRef = 300EA7F9777FA904C95B04B9 /* CustomSourceStore.swift */; };
		DE2AF1799F3C8518DCC6572F /* ColorRefPicker.swift in Sources */ = {isa = PBXBuildFile; fileRef = 36A1F7ABAABAF4E93AD75506 /* ColorRefPicker.swift */; };
		F00F56280E15C1FECDBABED6 /* FacetWidgets.appex in Embed Foundation Extensions */ = {isa = PBXBuildFile; fileRef = D5F85CFBBD495F765805E1BF /* FacetWidgets.appex */; settings = {ATTRIBUTES = (RemoveHeadersOnCopy, ); }; };
		F830BB9675846D9D23605777 /* AppPickerView.swift in Sources */ = {isa = PBXBuildFile; fileRef = 95A3E46B8ACCA64942D839BC /* AppPickerView.swift */; };
		F9A047E42D5089BC846DA641 /* RemindersSource.swift in Sources */ = {isa = PBXBuildFile; fileRef = FDCDD438B19B558DE0B8232F /* RemindersSource.swift */; };
/* End PBXBuildFile section */

/* Begin PBXContainerItemProxy section */
		5DE0BD23C24ABE61E3BEAC5A /* PBXContainerItemProxy */ = {
			isa = PBXContainerItemProxy;
			containerPortal = 656C45BF7AA2B61B18699ACB /* Project object */;
			proxyType = 1;
			remoteGlobalIDString = 62BD7B05E4AB06C4471C0EC7;
			remoteInfo = FacetWidgets;
		};
/* End PBXContainerItemProxy section */

/* Begin PBXCopyFilesBuildPhase section */
		B4BED1A72BE435141F02AE59 /* Embed Foundation Extensions */ = {
			isa = PBXCopyFilesBuildPhase;
			buildActionMask = 2147483647;
			dstPath = "";
			dstSubfolderSpec = 13;
			files = (
				F00F56280E15C1FECDBABED6 /* FacetWidgets.appex in Embed Foundation Extensions */,
			);
			name = "Embed Foundation Extensions";
			runOnlyForDeploymentPostprocessing = 0;
		};
/* End PBXCopyFilesBuildPhase section */

/* Begin PBXFileReference section */
		13DC6203D80540BB24BA295B /* AssetStore.swift */ = {isa = PBXFileReference; lastKnownFileType = sourcecode.swift; path = AssetStore.swift; sourceTree = "<group>"; };
		1EA02B4A37A92738FF10C398 /* Info.plist */ = {isa = PBXFileReference; lastKnownFileType = text.plist; path = Info.plist; sourceTree = "<group>"; };
		2CA0CA5DC0BA9616B892486D /* CustomSourceEditorView.swift */ = {isa = PBXFileReference; lastKnownFileType = sourcecode.swift; path = CustomSourceEditorView.swift; sourceTree = "<group>"; };
		300EA7F9777FA904C95B04B9 /* CustomSourceStore.swift */ = {isa = PBXFileReference; lastKnownFileType = sourcecode.swift; path = CustomSourceStore.swift; sourceTree = "<group>"; };
		3493883341D6B22D1F294A1E /* ThemeEditorView.swift */ = {isa = PBXFileReference; lastKnownFileType = sourcecode.swift; path = ThemeEditorView.swift; sourceTree = "<group>"; };
		36A1F7ABAABAF4E93AD75506 /* ColorRefPicker.swift */ = {isa = PBXFileReference; lastKnownFileType = sourcecode.swift; path = ColorRefPicker.swift; sourceTree = "<group>"; };
		38EB12343C6EBC8EC972617E /* Facet */ = {isa = PBXFileReference; lastKnownFileType = folder; name = Facet; path = ..; sourceTree = SOURCE_ROOT; };
		3D11BEAA5F529E0BE4D869DC /* WidgetGeneratorService.swift */ = {isa = PBXFileReference; lastKnownFileType = sourcecode.swift; path = WidgetGeneratorService.swift; sourceTree = "<group>"; };
		402DA8915E10ABBF586F49CD /* FacetApp.swift */ = {isa = PBXFileReference; lastKnownFileType = sourcecode.swift; path = FacetApp.swift; sourceTree = "<group>"; };
		4F65EECCECD21777DA3ABDB4 /* FacetImageProviderFactory.swift */ = {isa = PBXFileReference; lastKnownFileType = sourcecode.swift; path = FacetImageProviderFactory.swift; sourceTree = "<group>"; };
		5752CDBE2A27273F68C0A8A6 /* CalendarSource.swift */ = {isa = PBXFileReference; lastKnownFileType = sourcecode.swift; path = CalendarSource.swift; sourceTree = "<group>"; };
		5ED98CA53137812BF667A5C2 /* AppCatalog.swift */ = {isa = PBXFileReference; lastKnownFileType = sourcecode.swift; path = AppCatalog.swift; sourceTree = "<group>"; };
		68367781880E42AE2DB8D0A8 /* FacetWidgets.swift */ = {isa = PBXFileReference; lastKnownFileType = sourcecode.swift; path = FacetWidgets.swift; sourceTree = "<group>"; };
		6D8FD5ED9865C55FCAC59ADE /* InspectorView.swift */ = {isa = PBXFileReference; lastKnownFileType = sourcecode.swift; path = InspectorView.swift; sourceTree = "<group>"; };
		7AF056977F3F074F99FBAA99 /* LayerListView.swift */ = {isa = PBXFileReference; lastKnownFileType = sourcecode.swift; path = LayerListView.swift; sourceTree = "<group>"; };
		7B78AC784E0C43A253A67F82 /* DocumentEditing.swift */ = {isa = PBXFileReference; lastKnownFileType = sourcecode.swift; path = DocumentEditing.swift; sourceTree = "<group>"; };
		8BAABD07F00F6A8557E4248C /* AssetPickerView.swift */ = {isa = PBXFileReference; lastKnownFileType = sourcecode.swift; path = AssetPickerView.swift; sourceTree = "<group>"; };
		92E1F7508053F63AC77BC8A0 /* EditorView.swift */ = {isa = PBXFileReference; lastKnownFileType = sourcecode.swift; path = EditorView.swift; sourceTree = "<group>"; };
		95A3E46B8ACCA64942D839BC /* AppPickerView.swift */ = {isa = PBXFileReference; lastKnownFileType = sourcecode.swift; path = AppPickerView.swift; sourceTree = "<group>"; };
		973EC022838148FEC7718A70 /* Facet.app */ = {isa = PBXFileReference; includeInIndex = 0; lastKnownFileType = wrapper.application; path = Facet.app; sourceTree = BUILT_PRODUCTS_DIR; };
		9A0EA27D153D75EBEFECD233 /* FacetUI.swift */ = {isa = PBXFileReference; lastKnownFileType = sourcecode.swift; path = FacetUI.swift; sourceTree = "<group>"; };
		9A5CCA0565292A65A784FC56 /* WeatherSource.swift */ = {isa = PBXFileReference; lastKnownFileType = sourcecode.swift; path = WeatherSource.swift; sourceTree = "<group>"; };
		9B5BEC0697888C94C419A750 /* WidgetDraft.swift */ = {isa = PBXFileReference; lastKnownFileType = sourcecode.swift; path = WidgetDraft.swift; sourceTree = "<group>"; };
		AAF7B56A34AE22CC18F1CCF1 /* Facet.entitlements */ = {isa = PBXFileReference; lastKnownFileType = text.plist.entitlements; path = Facet.entitlements; sourceTree = "<group>"; };
		AC05E333F65932D292DD4D47 /* HealthSource.swift */ = {isa = PBXFileReference; lastKnownFileType = sourcecode.swift; path = HealthSource.swift; sourceTree = "<group>"; };
		B0CA8406D09B0D7574BED59D /* UnitPreferences.swift */ = {isa = PBXFileReference; lastKnownFileType = sourcecode.swift; path = UnitPreferences.swift; sourceTree = "<group>"; };
		B0F7D9E84D357AF552E47CB3 /* FocusSource.swift */ = {isa = PBXFileReference; lastKnownFileType = sourcecode.swift; path = FocusSource.swift; sourceTree = "<group>"; };
		B3DAE7C5AC5E93326F030E60 /* Assets.xcassets */ = {isa = PBXFileReference; lastKnownFileType = folder.assetcatalog; path = Assets.xcassets; sourceTree = "<group>"; };
		C62E5678109F5B19042F0E78 /* GenerateWidgetView.swift */ = {isa = PBXFileReference; lastKnownFileType = sourcecode.swift; path = GenerateWidgetView.swift; sourceTree = "<group>"; };
		C6854C50362FD9A914BBADA2 /* DataSourcesView.swift */ = {isa = PBXFileReference; lastKnownFileType = sourcecode.swift; path = DataSourcesView.swift; sourceTree = "<group>"; };
		CAEBEADC60946A4516B04197 /* GalleryView.swift */ = {isa = PBXFileReference; lastKnownFileType = sourcecode.swift; path = GalleryView.swift; sourceTree = "<group>"; };
		D2C1B83DA33AFAB96B025941 /* AppGroupStore.swift */ = {isa = PBXFileReference; lastKnownFileType = sourcecode.swift; path = AppGroupStore.swift; sourceTree = "<group>"; };
		D5F85CFBBD495F765805E1BF /* FacetWidgets.appex */ = {isa = PBXFileReference; includeInIndex = 0; lastKnownFileType = "wrapper.app-extension"; path = FacetWidgets.appex; sourceTree = BUILT_PRODUCTS_DIR; };
		E08867C049E6FC5764C60E2A /* AssetBundleCodec.swift */ = {isa = PBXFileReference; lastKnownFileType = sourcecode.swift; path = AssetBundleCodec.swift; sourceTree = "<group>"; };
		E7328A4EEBEB9B4DB2CD7BE0 /* DraftMapper.swift */ = {isa = PBXFileReference; lastKnownFileType = sourcecode.swift; path = DraftMapper.swift; sourceTree = "<group>"; };
		F2541AF17A0721C21A161E7B /* DeviceDataSources.swift */ = {isa = PBXFileReference; lastKnownFileType = sourcecode.swift; path = DeviceDataSources.swift; sourceTree = "<group>"; };
		FDCDD438B19B558DE0B8232F /* RemindersSource.swift */ = {isa = PBXFileReference; lastKnownFileType = sourcecode.swift; path = RemindersSource.swift; sourceTree = "<group>"; };
		FE2D711E3E872C3BA2EE4C85 /* FacetWidgets.entitlements */ = {isa = PBXFileReference; lastKnownFileType = text.plist.entitlements; path = FacetWidgets.entitlements; sourceTree = "<group>"; };
/* End PBXFileReference section */

/* Begin PBXFrameworksBuildPhase section */
		589C3787BFB2B70A6A3C344A /* Frameworks */ = {
			isa = PBXFrameworksBuildPhase;
			buildActionMask = 2147483647;
			files = (
				75BF8C13A5C3014A2697C6FE /* FacetCore in Frameworks */,
				77B68205C54F8006F521B6A7 /* FacetData in Frameworks */,
				77DDCF69899FD743134FF0CE /* FacetRender in Frameworks */,
				16128EB90DD9D12892DC4AEB /* FacetTemplates in Frameworks */,
			);
			runOnlyForDeploymentPostprocessing = 0;
		};
		C22C2956C5E5553F34CC800D /* Frameworks */ = {
			isa = PBXFrameworksBuildPhase;
			buildActionMask = 2147483647;
			files = (
				BF0847FF88251983C70FF62C /* FacetCore in Frameworks */,
				6D1B7841CD3B72D88876B202 /* FacetData in Frameworks */,
				0368E84528A73DD37A788AF8 /* FacetRender in Frameworks */,
				B9DC2ABDCB134093E6D0E873 /* FacetTemplates in Frameworks */,
			);
			runOnlyForDeploymentPostprocessing = 0;
		};
/* End PBXFrameworksBuildPhase section */

/* Begin PBXGroup section */
		0D90168BB99EE3761DB5C82C /* Inspector */ = {
			isa = PBXGroup;
			children = (
				36A1F7ABAABAF4E93AD75506 /* ColorRefPicker.swift */,
				6D8FD5ED9865C55FCAC59ADE /* InspectorView.swift */,
			);
			path = Inspector;
			sourceTree = "<group>";
		};
		20A889A124C755D755733C71 /* AI */ = {
			isa = PBXGroup;
			children = (
				E7328A4EEBEB9B4DB2CD7BE0 /* DraftMapper.swift */,
				C62E5678109F5B19042F0E78 /* GenerateWidgetView.swift */,
				9B5BEC0697888C94C419A750 /* WidgetDraft.swift */,
				3D11BEAA5F529E0BE4D869DC /* WidgetGeneratorService.swift */,
			);
			path = AI;
			sourceTree = "<group>";
		};
		25C8F9F9D24BB793C165D9EB /* Packages */ = {
			isa = PBXGroup;
			children = (
				38EB12343C6EBC8EC972617E /* Facet */,
			);
			name = Packages;
			sourceTree = "<group>";
		};
		2BEB9A8BADA9F735BCE0E221 /* Facet */ = {
			isa = PBXGroup;
			children = (
				B3DAE7C5AC5E93326F030E60 /* Assets.xcassets */,
				C6854C50362FD9A914BBADA2 /* DataSourcesView.swift */,
				F2541AF17A0721C21A161E7B /* DeviceDataSources.swift */,
				7B78AC784E0C43A253A67F82 /* DocumentEditing.swift */,
				92E1F7508053F63AC77BC8A0 /* EditorView.swift */,
				AAF7B56A34AE22CC18F1CCF1 /* Facet.entitlements */,
				402DA8915E10ABBF586F49CD /* FacetApp.swift */,
				9A0EA27D153D75EBEFECD233 /* FacetUI.swift */,
				CAEBEADC60946A4516B04197 /* GalleryView.swift */,
				7AF056977F3F074F99FBAA99 /* LayerListView.swift */,
				3493883341D6B22D1F294A1E /* ThemeEditorView.swift */,
				20A889A124C755D755733C71 /* AI */,
				D3584E435834C638BF5DABE8 /* Assets */,
				7D1509DF44996F46192BF65B /* DataSources */,
				0D90168BB99EE3761DB5C82C /* Inspector */,
				FE8A1E074A857ED196C35C8B /* Launcher */,
			);
			path = Facet;
			sourceTree = "<group>";
		};
		39BF147087D335224312B780 /* Shared */ = {
			isa = PBXGroup;
			children = (
				D2C1B83DA33AFAB96B025941 /* AppGroupStore.swift */,
				5BAE8323F8A46D8204007A7B /* Assets */,
			);
			path = Shared;
			sourceTree = "<group>";
		};
		5BAE8323F8A46D8204007A7B /* Assets */ = {
			isa = PBXGroup;
			children = (
				E08867C049E6FC5764C60E2A /* AssetBundleCodec.swift */,
				13DC6203D80540BB24BA295B /* AssetStore.swift */,
				4F65EECCECD21777DA3ABDB4 /* FacetImageProviderFactory.swift */,
			);
			path = Assets;
			sourceTree = "<group>";
		};
		7D1509DF44996F46192BF65B /* DataSources */ = {
			isa = PBXGroup;
			children = (
				5752CDBE2A27273F68C0A8A6 /* CalendarSource.swift */,
				2CA0CA5DC0BA9616B892486D /* CustomSourceEditorView.swift */,
				300EA7F9777FA904C95B04B9 /* CustomSourceStore.swift */,
				B0F7D9E84D357AF552E47CB3 /* FocusSource.swift */,
				AC05E333F65932D292DD4D47 /* HealthSource.swift */,
				FDCDD438B19B558DE0B8232F /* RemindersSource.swift */,
				B0CA8406D09B0D7574BED59D /* UnitPreferences.swift */,
				9A5CCA0565292A65A784FC56 /* WeatherSource.swift */,
			);
			path = DataSources;
			sourceTree = "<group>";
		};
		86825C1AE434587491EF87A5 /* FacetWidgets */ = {
			isa = PBXGroup;
			children = (
				FE2D711E3E872C3BA2EE4C85 /* FacetWidgets.entitlements */,
				68367781880E42AE2DB8D0A8 /* FacetWidgets.swift */,
				1EA02B4A37A92738FF10C398 /* Info.plist */,
			);
			path = FacetWidgets;
			sourceTree = "<group>";
		};
		B1D22D4C52782EC8D4C4FABF /* Products */ = {
			isa = PBXGroup;
			children = (
				973EC022838148FEC7718A70 /* Facet.app */,
				D5F85CFBBD495F765805E1BF /* FacetWidgets.appex */,
			);
			name = Products;
			sourceTree = "<group>";
		};
		D3584E435834C638BF5DABE8 /* Assets */ = {
			isa = PBXGroup;
			children = (
				8BAABD07F00F6A8557E4248C /* AssetPickerView.swift */,
			);
			path = Assets;
			sourceTree = "<group>";
		};
		EE29BE53BFE5BFE2252C03EF = {
			isa = PBXGroup;
			children = (
				2BEB9A8BADA9F735BCE0E221 /* Facet */,
				86825C1AE434587491EF87A5 /* FacetWidgets */,
				25C8F9F9D24BB793C165D9EB /* Packages */,
				39BF147087D335224312B780 /* Shared */,
				B1D22D4C52782EC8D4C4FABF /* Products */,
			);
			sourceTree = "<group>";
		};
		FE8A1E074A857ED196C35C8B /* Launcher */ = {
			isa = PBXGroup;
			children = (
				5ED98CA53137812BF667A5C2 /* AppCatalog.swift */,
				95A3E46B8ACCA64942D839BC /* AppPickerView.swift */,
			);
			path = Launcher;
			sourceTree = "<group>";
		};
/* End PBXGroup section */

/* Begin PBXNativeTarget section */
		62BD7B05E4AB06C4471C0EC7 /* FacetWidgets */ = {
			isa = PBXNativeTarget;
			buildConfigurationList = 4E615A3412750BAF87181402 /* Build configuration list for PBXNativeTarget "FacetWidgets" */;
			buildPhases = (
				AC08366E274E29D6E4D21C9F /* Sources */,
				C22C2956C5E5553F34CC800D /* Frameworks */,
			);
			buildRules = (
			);
			dependencies = (
			);
			name = FacetWidgets;
			packageProductDependencies = (
				8C9D4A59B6640134536493C3 /* FacetCore */,
				F9F468B849C3525792800F83 /* FacetData */,
				B9DD2058D87C9670363A8E34 /* FacetRender */,
				5F9764CB47CC3255E1DAAFA4 /* FacetTemplates */,
			);
			productName = FacetWidgets;
			productReference = D5F85CFBBD495F765805E1BF /* FacetWidgets.appex */;
			productType = "com.apple.product-type.app-extension";
		};
		DC7521770DC7FDE92CC3BE30 /* Facet */ = {
			isa = PBXNativeTarget;
			buildConfigurationList = 841A699DF978FC9361B6805D /* Build configuration list for PBXNativeTarget "Facet" */;
			buildPhases = (
				330825BE49FC0BC64368D5FF /* Sources */,
				28197F700256A5102D759BE7 /* Resources */,
				589C3787BFB2B70A6A3C344A /* Frameworks */,
				B4BED1A72BE435141F02AE59 /* Embed Foundation Extensions */,
			);
			buildRules = (
			);
			dependencies = (
				2E326A1213713E78A7C42920 /* PBXTargetDependency */,
			);
			name = Facet;
			packageProductDependencies = (
				6FC15447F6267AC8764F938F /* FacetCore */,
				0F2B255918F965DD203B453F /* FacetData */,
				0187F4ED6530EF2E65586359 /* FacetRender */,
				0E2DA78162E32EE6613B1831 /* FacetTemplates */,
			);
			productName = Facet;
			productReference = 973EC022838148FEC7718A70 /* Facet.app */;
			productType = "com.apple.product-type.application";
		};
/* End PBXNativeTarget section */

/* Begin PBXProject section */
		656C45BF7AA2B61B18699ACB /* Project object */ = {
			isa = PBXProject;
			attributes = {
				BuildIndependentTargetsInParallel = YES;
				LastUpgradeCheck = 1430;
				TargetAttributes = {
				};
			};
			buildConfigurationList = A703D76E0FA6D3C1495ECD1F /* Build configuration list for PBXProject "Facet" */;
			developmentRegion = en;
			hasScannedForEncodings = 0;
			knownRegions = (
				Base,
				en,
			);
			mainGroup = EE29BE53BFE5BFE2252C03EF;
			minimizedProjectReferenceProxies = 1;
			packageReferences = (
				5558E74B38376B4711398942 /* XCLocalSwiftPackageReference ".." */,
			);
			preferredProjectObjectVersion = 77;
			productRefGroup = B1D22D4C52782EC8D4C4FABF /* Products */;
			projectDirPath = "";
			projectRoot = "";
			targets = (
				DC7521770DC7FDE92CC3BE30 /* Facet */,
				62BD7B05E4AB06C4471C0EC7 /* FacetWidgets */,
			);
		};
/* End PBXProject section */

/* Begin PBXResourcesBuildPhase section */
		28197F700256A5102D759BE7 /* Resources */ = {
			isa = PBXResourcesBuildPhase;
			buildActionMask = 2147483647;
			files = (
				C49BDA574C5A958CC0D5F8FB /* Assets.xcassets in Resources */,
			);
			runOnlyForDeploymentPostprocessing = 0;
		};
/* End PBXResourcesBuildPhase section */

/* Begin PBXSourcesBuildPhase section */
		330825BE49FC0BC64368D5FF /* Sources */ = {
			isa = PBXSourcesBuildPhase;
			buildActionMask = 2147483647;
			files = (
				49F0A851E07FBEF658AAE78E /* AppCatalog.swift in Sources */,
				B39CE1E925ED7136181F7E47 /* AppGroupStore.swift in Sources */,
				F830BB9675846D9D23605777 /* AppPickerView.swift in Sources */,
				0557A660C22A072805D58E2D /* AssetBundleCodec.swift in Sources */,
				2F2B009BD21403FBC863F968 /* AssetPickerView.swift in Sources */,
				919A996A7E98875F4DB7D683 /* AssetStore.swift in Sources */,
				1AF1EDC69F2AB164048C8D6C /* CalendarSource.swift in Sources */,
				DE2AF1799F3C8518DCC6572F /* ColorRefPicker.swift in Sources */,
				CE7A570D8F6A87D48F95806D /* CustomSourceEditorView.swift in Sources */,
				D42C371C1BE5EB7EFBB9E533 /* CustomSourceStore.swift in Sources */,
				2867A9D383219166875CEDF8 /* DataSourcesView.swift in Sources */,
				07AD7D60E75F3013D27F8B9B /* DeviceDataSources.swift in Sources */,
				A181C809212C8AC3D69FA59C /* DocumentEditing.swift in Sources */,
				8E963D04A9098EEBCF7C55E0 /* DraftMapper.swift in Sources */,
				3AFAA2AEA3BD7B4E32279EE5 /* EditorView.swift in Sources */,
				81A2DF164512F4EC8C6A9C26 /* FacetApp.swift in Sources */,
				A6A131B69996C8C24FA68437 /* FacetImageProviderFactory.swift in Sources */,
				89EFB6D27811521B0CC4BC18 /* FacetUI.swift in Sources */,
				CB1F51102AE3813587CE4067 /* FocusSource.swift in Sources */,
				BDACF21BF38B9672CF212964 /* GalleryView.swift in Sources */,
				7C20108989E04D30EF34B5C9 /* GenerateWidgetView.swift in Sources */,
				B41F3999350DFE8EC5E18D21 /* HealthSource.swift in Sources */,
				B90EB3F934F7C63F865217DC /* InspectorView.swift in Sources */,
				B80C76B1CC43E26B01BC8D60 /* LayerListView.swift in Sources */,
				F9A047E42D5089BC846DA641 /* RemindersSource.swift in Sources */,
				265D9B1D87919D6A53280A58 /* ThemeEditorView.swift in Sources */,
				18B366D8929C3D314A443997 /* UnitPreferences.swift in Sources */,
				8E839DD21F60F83FED2616A7 /* WeatherSource.swift in Sources */,
				00544F3818B06967D7ECF554 /* WidgetDraft.swift in Sources */,
				A991B25B44E194B4DDA00455 /* WidgetGeneratorService.swift in Sources */,
			);
			runOnlyForDeploymentPostprocessing = 0;
		};
		AC08366E274E29D6E4D21C9F /* Sources */ = {
			isa = PBXSourcesBuildPhase;
			buildActionMask = 2147483647;
			files = (
				1853D459686F54EB3437A058 /* AppGroupStore.swift in Sources */,
				5EDD7A3B4448D21F485D4DF1 /* AssetBundleCodec.swift in Sources */,
				094AD381D8E67A0078193473 /* AssetStore.swift in Sources */,
				7D32B2B277022511E2CA8902 /* FacetImageProviderFactory.swift in Sources */,
				8EC4D957C7965E09BD2F4868 /* FacetWidgets.swift in Sources */,
			);
			runOnlyForDeploymentPostprocessing = 0;
		};
/* End PBXSourcesBuildPhase section */

/* Begin PBXTargetDependency section */
		2E326A1213713E78A7C42920 /* PBXTargetDependency */ = {
			isa = PBXTargetDependency;
			target = 62BD7B05E4AB06C4471C0EC7 /* FacetWidgets */;
			targetProxy = 5DE0BD23C24ABE61E3BEAC5A /* PBXContainerItemProxy */;
		};
/* End PBXTargetDependency section */

/* Begin XCBuildConfiguration section */
		315F7F202A41A041F378A142 /* Release */ = {
			isa = XCBuildConfiguration;
			buildSettings = {
				ASSETCATALOG_COMPILER_APPICON_NAME = AppIcon;
				ASSETCATALOG_COMPILER_GLOBAL_ACCENT_COLOR_NAME = AccentColor;
				CODE_SIGN_ENTITLEMENTS = Facet/Facet.entitlements;
				CODE_SIGN_IDENTITY = "iPhone Developer";
				GENERATE_INFOPLIST_FILE = YES;
				INFOPLIST_KEY_CFBundleDisplayName = Facet;
				INFOPLIST_KEY_NSCalendarsFullAccessUsageDescription = "Facet reads your calendar to show upcoming events in your widgets.";
				INFOPLIST_KEY_NSFocusStatusUsageDescription = "Facet reads whether a Focus is active to show it in your widgets.";
				INFOPLIST_KEY_NSHealthShareUsageDescription = "Facet reads steps, energy, and stand hours to show them in your widgets.";
				INFOPLIST_KEY_NSLocationWhenInUseUsageDescription = "Facet uses your location to show local weather in your widgets.";
				INFOPLIST_KEY_NSRemindersFullAccessUsageDescription = "Facet reads your reminders to show due counts and the next item in your widgets.";
				INFOPLIST_KEY_UILaunchScreen_Generation = YES;
				LD_RUNPATH_SEARCH_PATHS = (
					"$(inherited)",
					"@executable_path/Frameworks",
				);
				PRODUCT_BUNDLE_IDENTIFIER = com.JasonPhillips.app;
				SDKROOT = iphoneos;
				TARGETED_DEVICE_FAMILY = "1,2";
			};
			name = Release;
		};
		45B3A3A4186A0F859763AD92 /* Debug */ = {
			isa = XCBuildConfiguration;
			buildSettings = {
				ALWAYS_SEARCH_USER_PATHS = NO;
				CLANG_ANALYZER_NONNULL = YES;
				CLANG_ANALYZER_NUMBER_OBJECT_CONVERSION = YES_AGGRESSIVE;
				CLANG_CXX_LANGUAGE_STANDARD = "gnu++14";
				CLANG_CXX_LIBRARY = "libc++";
				CLANG_ENABLE_MODULES = YES;
				CLANG_ENABLE_OBJC_ARC = YES;
				CLANG_ENABLE_OBJC_WEAK = YES;
				CLANG_WARN_BLOCK_CAPTURE_AUTORELEASING = YES;
				CLANG_WARN_BOOL_CONVERSION = YES;
				CLANG_WARN_COMMA = YES;
				CLANG_WARN_CONSTANT_CONVERSION = YES;
				CLANG_WARN_DEPRECATED_OBJC_IMPLEMENTATIONS = YES;
				CLANG_WARN_DIRECT_OBJC_ISA_USAGE = YES_ERROR;
				CLANG_WARN_DOCUMENTATION_COMMENTS = YES;
				CLANG_WARN_EMPTY_BODY = YES;
				CLANG_WARN_ENUM_CONVERSION = YES;
				CLANG_WARN_INFINITE_RECURSION = YES;
				CLANG_WARN_INT_CONVERSION = YES;
				CLANG_WARN_NON_LITERAL_NULL_CONVERSION = YES;
				CLANG_WARN_OBJC_IMPLICIT_RETAIN_SELF = YES;
				CLANG_WARN_OBJC_LITERAL_CONVERSION = YES;
				CLANG_WARN_OBJC_ROOT_CLASS = YES_ERROR;
				CLANG_WARN_QUOTED_INCLUDE_IN_FRAMEWORK_HEADER = YES;
				CLANG_WARN_RANGE_LOOP_ANALYSIS = YES;
				CLANG_WARN_STRICT_PROTOTYPES = YES;
				CLANG_WARN_SUSPICIOUS_MOVE = YES;
				CLANG_WARN_UNGUARDED_AVAILABILITY = YES_AGGRESSIVE;
				CLANG_WARN_UNREACHABLE_CODE = YES;
				CLANG_WARN__DUPLICATE_METHOD_MATCH = YES;
				COPY_PHASE_STRIP = NO;
				CURRENT_PROJECT_VERSION = 1;
				DEBUG_INFORMATION_FORMAT = dwarf;
				ENABLE_STRICT_OBJC_MSGSEND = YES;
				ENABLE_TESTABILITY = YES;
				GCC_C_LANGUAGE_STANDARD = gnu11;
				GCC_DYNAMIC_NO_PIC = NO;
				GCC_NO_COMMON_BLOCKS = YES;
				GCC_OPTIMIZATION_LEVEL = 0;
				GCC_PREPROCESSOR_DEFINITIONS = (
					"$(inherited)",
					"DEBUG=1",
				);
				GCC_WARN_64_TO_32_BIT_CONVERSION = YES;
				GCC_WARN_ABOUT_RETURN_TYPE = YES_ERROR;
				GCC_WARN_UNDECLARED_SELECTOR = YES;
				GCC_WARN_UNINITIALIZED_AUTOS = YES_AGGRESSIVE;
				GCC_WARN_UNUSED_FUNCTION = YES;
				GCC_WARN_UNUSED_VARIABLE = YES;
				IPHONEOS_DEPLOYMENT_TARGET = 17.0;
				MARKETING_VERSION = 0.1.0;
				MTL_ENABLE_DEBUG_INFO = INCLUDE_SOURCE;
				MTL_FAST_MATH = YES;
				ONLY_ACTIVE_ARCH = YES;
				PRODUCT_NAME = "$(TARGET_NAME)";
				SDKROOT = iphoneos;
				SWIFT_ACTIVE_COMPILATION_CONDITIONS = DEBUG;
				SWIFT_OPTIMIZATION_LEVEL = "-Onone";
				SWIFT_VERSION = 6.0;
			};
			name = Debug;
		};
		6C766DC4FFFDC6D0E343B454 /* Debug */ = {
			isa = XCBuildConfiguration;
			buildSettings = {
				CODE_SIGN_ENTITLEMENTS = FacetWidgets/FacetWidgets.entitlements;
				INFOPLIST_FILE = FacetWidgets/Info.plist;
				LD_RUNPATH_SEARCH_PATHS = (
					"$(inherited)",
					"@executable_path/Frameworks",
					"@executable_path/../../Frameworks",
				);
				PRODUCT_BUNDLE_IDENTIFIER = com.JasonPhillips.app.widgets;
				SDKROOT = iphoneos;
				TARGETED_DEVICE_FAMILY = "1,2";
			};
			name = Debug;
		};
		84DF88BE2989822317827A3F /* Release */ = {
			isa = XCBuildConfiguration;
			buildSettings = {
				CODE_SIGN_ENTITLEMENTS = FacetWidgets/FacetWidgets.entitlements;
				INFOPLIST_FILE = FacetWidgets/Info.plist;
				LD_RUNPATH_SEARCH_PATHS = (
					"$(inherited)",
					"@executable_path/Frameworks",
					"@executable_path/../../Frameworks",
				);
				PRODUCT_BUNDLE_IDENTIFIER = com.JasonPhillips.app.widgets;
				SDKROOT = iphoneos;
				TARGETED_DEVICE_FAMILY = "1,2";
			};
			name = Release;
		};
		89FD18528F708D6CA79AC16C /* Release */ = {
			isa = XCBuildConfiguration;
			buildSettings = {
				ALWAYS_SEARCH_USER_PATHS = NO;
				CLANG_ANALYZER_NONNULL = YES;
				CLANG_ANALYZER_NUMBER_OBJECT_CONVERSION = YES_AGGRESSIVE;
				CLANG_CXX_LANGUAGE_STANDARD = "gnu++14";
				CLANG_CXX_LIBRARY = "libc++";
				CLANG_ENABLE_MODULES = YES;
				CLANG_ENABLE_OBJC_ARC = YES;
				CLANG_ENABLE_OBJC_WEAK = YES;
				CLANG_WARN_BLOCK_CAPTURE_AUTORELEASING = YES;
				CLANG_WARN_BOOL_CONVERSION = YES;
				CLANG_WARN_COMMA = YES;
				CLANG_WARN_CONSTANT_CONVERSION = YES;
				CLANG_WARN_DEPRECATED_OBJC_IMPLEMENTATIONS = YES;
				CLANG_WARN_DIRECT_OBJC_ISA_USAGE = YES_ERROR;
				CLANG_WARN_DOCUMENTATION_COMMENTS = YES;
				CLANG_WARN_EMPTY_BODY = YES;
				CLANG_WARN_ENUM_CONVERSION = YES;
				CLANG_WARN_INFINITE_RECURSION = YES;
				CLANG_WARN_INT_CONVERSION = YES;
				CLANG_WARN_NON_LITERAL_NULL_CONVERSION = YES;
				CLANG_WARN_OBJC_IMPLICIT_RETAIN_SELF = YES;
				CLANG_WARN_OBJC_LITERAL_CONVERSION = YES;
				CLANG_WARN_OBJC_ROOT_CLASS = YES_ERROR;
				CLANG_WARN_QUOTED_INCLUDE_IN_FRAMEWORK_HEADER = YES;
				CLANG_WARN_RANGE_LOOP_ANALYSIS = YES;
				CLANG_WARN_STRICT_PROTOTYPES = YES;
				CLANG_WARN_SUSPICIOUS_MOVE = YES;
				CLANG_WARN_UNGUARDED_AVAILABILITY = YES_AGGRESSIVE;
				CLANG_WARN_UNREACHABLE_CODE = YES;
				CLANG_WARN__DUPLICATE_METHOD_MATCH = YES;
				COPY_PHASE_STRIP = NO;
				CURRENT_PROJECT_VERSION = 1;
				DEBUG_INFORMATION_FORMAT = "dwarf-with-dsym";
				ENABLE_NS_ASSERTIONS = NO;
				ENABLE_STRICT_OBJC_MSGSEND = YES;
				GCC_C_LANGUAGE_STANDARD = gnu11;
				GCC_NO_COMMON_BLOCKS = YES;
				GCC_WARN_64_TO_32_BIT_CONVERSION = YES;
				GCC_WARN_ABOUT_RETURN_TYPE = YES_ERROR;
				GCC_WARN_UNDECLARED_SELECTOR = YES;
				GCC_WARN_UNINITIALIZED_AUTOS = YES_AGGRESSIVE;
				GCC_WARN_UNUSED_FUNCTION = YES;
				GCC_WARN_UNUSED_VARIABLE = YES;
				IPHONEOS_DEPLOYMENT_TARGET = 17.0;
				MARKETING_VERSION = 0.1.0;
				MTL_ENABLE_DEBUG_INFO = NO;
				MTL_FAST_MATH = YES;
				PRODUCT_NAME = "$(TARGET_NAME)";
				SDKROOT = iphoneos;
				SWIFT_COMPILATION_MODE = wholemodule;
				SWIFT_OPTIMIZATION_LEVEL = "-O";
				SWIFT_VERSION = 6.0;
			};
			name = Release;
		};
		F03EFADE845CCBC6734CC617 /* Debug */ = {
			isa = XCBuildConfiguration;
			buildSettings = {
				ASSETCATALOG_COMPILER_APPICON_NAME = AppIcon;
				ASSETCATALOG_COMPILER_GLOBAL_ACCENT_COLOR_NAME = AccentColor;
				CODE_SIGN_ENTITLEMENTS = Facet/Facet.entitlements;
				CODE_SIGN_IDENTITY = "iPhone Developer";
				GENERATE_INFOPLIST_FILE = YES;
				INFOPLIST_KEY_CFBundleDisplayName = Facet;
				INFOPLIST_KEY_NSCalendarsFullAccessUsageDescription = "Facet reads your calendar to show upcoming events in your widgets.";
				INFOPLIST_KEY_NSFocusStatusUsageDescription = "Facet reads whether a Focus is active to show it in your widgets.";
				INFOPLIST_KEY_NSHealthShareUsageDescription = "Facet reads steps, energy, and stand hours to show them in your widgets.";
				INFOPLIST_KEY_NSLocationWhenInUseUsageDescription = "Facet uses your location to show local weather in your widgets.";
				INFOPLIST_KEY_NSRemindersFullAccessUsageDescription = "Facet reads your reminders to show due counts and the next item in your widgets.";
				INFOPLIST_KEY_UILaunchScreen_Generation = YES;
				LD_RUNPATH_SEARCH_PATHS = (
					"$(inherited)",
					"@executable_path/Frameworks",
				);
				PRODUCT_BUNDLE_IDENTIFIER = com.JasonPhillips.app;
				SDKROOT = iphoneos;
				TARGETED_DEVICE_FAMILY = "1,2";
			};
			name = Debug;
		};
/* End XCBuildConfiguration section */

/* Begin XCConfigurationList section */
		4E615A3412750BAF87181402 /* Build configuration list for PBXNativeTarget "FacetWidgets" */ = {
			isa = XCConfigurationList;
			buildConfigurations = (
				6C766DC4FFFDC6D0E343B454 /* Debug */,
				84DF88BE2989822317827A3F /* Release */,
			);
			defaultConfigurationIsVisible = 0;
			defaultConfigurationName = Debug;
		};
		841A699DF978FC9361B6805D /* Build configuration list for PBXNativeTarget "Facet" */ = {
			isa = XCConfigurationList;
			buildConfigurations = (
				F03EFADE845CCBC6734CC617 /* Debug */,
				315F7F202A41A041F378A142 /* Release */,
			);
			defaultConfigurationIsVisible = 0;
			defaultConfigurationName = Debug;
		};
		A703D76E0FA6D3C1495ECD1F /* Build configuration list for PBXProject "Facet" */ = {
			isa = XCConfigurationList;
			buildConfigurations = (
				45B3A3A4186A0F859763AD92 /* Debug */,
				89FD18528F708D6CA79AC16C /* Release */,
			);
			defaultConfigurationIsVisible = 0;
			defaultConfigurationName = Debug;
		};
/* End XCConfigurationList section */

/* Begin XCLocalSwiftPackageReference section */
		5558E74B38376B4711398942 /* XCLocalSwiftPackageReference ".." */ = {
			isa = XCLocalSwiftPackageReference;
			relativePath = ..;
		};
/* End XCLocalSwiftPackageReference section */

/* Begin XCSwiftPackageProductDependency section */
		0187F4ED6530EF2E65586359 /* FacetRender */ = {
			isa = XCSwiftPackageProductDependency;
			productName = FacetRender;
		};
		0E2DA78162E32EE6613B1831 /* FacetTemplates */ = {
			isa = XCSwiftPackageProductDependency;
			productName = FacetTemplates;
		};
		0F2B255918F965DD203B453F /* FacetData */ = {
			isa = XCSwiftPackageProductDependency;
			productName = FacetData;
		};
		5F9764CB47CC3255E1DAAFA4 /* FacetTemplates */ = {
			isa = XCSwiftPackageProductDependency;
			productName = FacetTemplates;
		};
		6FC15447F6267AC8764F938F /* FacetCore */ = {
			isa = XCSwiftPackageProductDependency;
			productName = FacetCore;
		};
		8C9D4A59B6640134536493C3 /* FacetCore */ = {
			isa = XCSwiftPackageProductDependency;
			productName = FacetCore;
		};
		B9DD2058D87C9670363A8E34 /* FacetRender */ = {
			isa = XCSwiftPackageProductDependency;
			productName = FacetRender;
		};
		F9F468B849C3525792800F83 /* FacetData */ = {
			isa = XCSwiftPackageProductDependency;
			productName = FacetData;
		};
/* End XCSwiftPackageProductDependency section */
	};
	rootObject = 656C45BF7AA2B61B18699ACB /* Project object */;
}
